
Microsoft Visual Studio Solution File, Format Version 12.00
# Visual Studio Version 17
VisualStudioVersion = 17.7.34221.43
MinimumVisualStudioVersion = 10.0.40219.1
Project("{FAE04EC0-301F-11D3-BF4B-00C04F79EFBC}") = "PXLHotel_12200496", "PXLHotel_12200496\PXLHotel_12200496.csproj", "{C067C757-F315-4EDC-936D-B00096750C21}"
EndProject
Global
	GlobalSection(SolutionConfigurationPlatforms) = preSolution
		Debug|Any CPU = Debug|Any CPU
		Release|Any CPU = Release|Any CPU
	EndGlobalSection
	GlobalSection(ProjectConfigurationPlatforms) = postSolution
		{C067C757-F315-4EDC-936D-B00096750C21}.Debug|Any CPU.ActiveCfg = Debug|Any CPU
		{C067C757-F315-4EDC-936D-B00096750C21}.Debug|Any CPU.Build.0 = Debug|Any CPU
		{C067C757-F315-4EDC-936D-B00096750C21}.Release|Any CPU.ActiveCfg = Release|Any CPU
		{C067C757-F315-4EDC-936D-B00096750C21}.Release|Any CPU.Build.0 = Release|Any CPU
	EndGlobalSection
	GlobalSection(SolutionProperties) = preSolution
		HideSolutionNode = FALSE
	EndGlobalSection
	GlobalSection(ExtensibilityGlobals) = postSolution
		SolutionGuid = {BE9BF42B-7F83-4C29-B03B-D972C652DD82}
	EndGlobalSection
EndGlobal
